
Microsoft Visual Studio Solution File, Format Version 11.00
# Visual Studio 2010
Project("{8BC9CEB8-8B4A-11D0-8D11-00A0C91BC942}") = "Phoenix", "Phoenix\Phoenix.vcxproj", "{371097E1-10FD-4EAC-AB2A-6A1FB45FC59C}"
EndProject
Project("{8BC9CEB8-8B4A-11D0-8D11-00A0C91BC942}") = "UnitTest", "UnitTest\UnitTest.vcxproj", "{509D0F99-0B84-41F6-8434-ED72169AB125}"
	ProjectSection(ProjectDependencies) = postProject
		{371097E1-10FD-4EAC-AB2A-6A1FB45FC59C} = {371097E1-10FD-4EAC-AB2A-6A1FB45FC59C}
	EndProjectSection
EndProject
Project("{2150E333-8FDC-42A3-9474-1A3956D46DE8}") = "Solution Items", "Solution Items", "{6A63398E-8CA7-4706-AB69-F0AD66767760}"
	ProjectSection(SolutionItems) = preProject
		Local.testsettings = Local.testsettings
		Phoenix1.vsmdi = Phoenix1.vsmdi
		TraceAndTestImpact.testsettings = TraceAndTestImpact.testsettings
	EndProjectSection
EndProject
Global
	GlobalSection(TestCaseManagementSettings) = postSolution
		CategoryFile = Phoenix1.vsmdi
	EndGlobalSection
	GlobalSection(SolutionConfigurationPlatforms) = preSolution
		Debug|Win32 = Debug|Win32
		Release|Win32 = Release|Win32
	EndGlobalSection
	GlobalSection(ProjectConfigurationPlatforms) = postSolution
		{371097E1-10FD-4EAC-AB2A-6A1FB45FC59C}.Debug|Win32.ActiveCfg = Debug|Win32
		{371097E1-10FD-4EAC-AB2A-6A1FB45FC59C}.Debug|Win32.Build.0 = Debug|Win32
		{371097E1-10FD-4EAC-AB2A-6A1FB45FC59C}.Release|Win32.ActiveCfg = Release|Win32
		{371097E1-10FD-4EAC-AB2A-6A1FB45FC59C}.Release|Win32.Build.0 = Release|Win32
		{509D0F99-0B84-41F6-8434-ED72169AB125}.Debug|Win32.ActiveCfg = Debug|Win32
		{509D0F99-0B84-41F6-8434-ED72169AB125}.Debug|Win32.Build.0 = Debug|Win32
		{509D0F99-0B84-41F6-8434-ED72169AB125}.Release|Win32.ActiveCfg = Release|Win32
		{509D0F99-0B84-41F6-8434-ED72169AB125}.Release|Win32.Build.0 = Release|Win32
	EndGlobalSection
	GlobalSection(SolutionProperties) = preSolution
		HideSolutionNode = FALSE
	EndGlobalSection
EndGlobal
