
Microsoft Visual Studio Solution File, Format Version 10.00
# Visual Studio 2008
Project("{8BC9CEB8-8B4A-11D0-8D11-00A0C91BC942}") = "Phoenix", "Phoenix\Phoenix.vcproj", "{371097E1-10FD-4EAC-AB2A-6A1FB45FC59C}"
EndProject
Project("{2150E333-8FDC-42A3-9474-1A3956D46DE8}") = "Solution Items", "Solution Items", "{18CC5AD3-2677-4B95-BCA5-B4472E9AF80E}"
	ProjectSection(SolutionItems) = preProject
		LocalTestRun.testrunconfig = LocalTestRun.testrunconfig
		Phoenix.vsmdi = Phoenix.vsmdi
		Phoenix2.vsmdi = Phoenix2.vsmdi
	EndProjectSection
EndProject
Global
	GlobalSection(SolutionConfigurationPlatforms) = preSolution
		Debug|Win32 = Debug|Win32
		Release|Win32 = Release|Win32
	EndGlobalSection
	GlobalSection(ProjectConfigurationPlatforms) = postSolution
		{371097E1-10FD-4EAC-AB2A-6A1FB45FC59C}.Debug|Win32.ActiveCfg = Debug|Win32
		{371097E1-10FD-4EAC-AB2A-6A1FB45FC59C}.Debug|Win32.Build.0 = Debug|Win32
		{371097E1-10FD-4EAC-AB2A-6A1FB45FC59C}.Release|Win32.ActiveCfg = Release|Win32
		{371097E1-10FD-4EAC-AB2A-6A1FB45FC59C}.Release|Win32.Build.0 = Release|Win32
	EndGlobalSection
	GlobalSection(SolutionProperties) = preSolution
		HideSolutionNode = FALSE
	EndGlobalSection
EndGlobal
