
Microsoft Visual Studio Solution File, Format Version 11.00
# Visual Studio 2010
Project("{8BC9CEB8-8B4A-11D0-8D11-00A0C91BC942}") = "Phoenix", "Phoenix\Phoenix.vcxproj", "{371097E1-10FD-4EAC-AB2A-6A1FB45FC59C}"
EndProject
Global
	GlobalSection(SolutionConfigurationPlatforms) = preSolution
		Debug|Win32 = Debug|Win32
		Release|Win32 = Release|Win32
	EndGlobalSection
	GlobalSection(ProjectConfigurationPlatforms) = postSolution
		{371097E1-10FD-4EAC-AB2A-6A1FB45FC59C}.Debug|Win32.ActiveCfg = Debug|Win32
		{371097E1-10FD-4EAC-AB2A-6A1FB45FC59C}.Debug|Win32.Build.0 = Debug|Win32
		{371097E1-10FD-4EAC-AB2A-6A1FB45FC59C}.Release|Win32.ActiveCfg = Release|Win32
		{371097E1-10FD-4EAC-AB2A-6A1FB45FC59C}.Release|Win32.Build.0 = Release|Win32
	EndGlobalSection
	GlobalSection(SolutionProperties) = preSolution
		HideSolutionNode = FALSE
	EndGlobalSection
EndGlobal
